
Microsoft Visual Studio Solution File, Format Version 12.00
# Visual Studio 15
VisualStudioVersion = 15.0.28307.572
MinimumVisualStudioVersion = 10.0.40219.1
Project("{FAE04EC0-301F-11D3-BF4B-00C04F79EFBC}") = "densan", "densan\densan.csproj", "{5E4B87BB-EAEC-47DE-A082-859888FD12D9}"
EndProject
Global
	GlobalSection(SolutionConfigurationPlatforms) = preSolution
		Debug|x86 = Debug|x86
		Release|x86 = Release|x86
	EndGlobalSection
	GlobalSection(ProjectConfigurationPlatforms) = postSolution
		{5E4B87BB-EAEC-47DE-A082-859888FD12D9}.Debug|x86.ActiveCfg = Debug|x86
		{5E4B87BB-EAEC-47DE-A082-859888FD12D9}.Debug|x86.Build.0 = Debug|x86
		{5E4B87BB-EAEC-47DE-A082-859888FD12D9}.Release|x86.ActiveCfg = Release|x86
		{5E4B87BB-EAEC-47DE-A082-859888FD12D9}.Release|x86.Build.0 = Release|x86
	EndGlobalSection
	GlobalSection(SolutionProperties) = preSolution
		HideSolutionNode = FALSE
	EndGlobalSection
	GlobalSection(ExtensibilityGlobals) = postSolution
		SolutionGuid = {69A1BA5A-70B6-4DF2-9EB9-4D30FDDD1441}
	EndGlobalSection
EndGlobal
